{
  "name": "windi-cli",
  "lockfileVersion": 2,
  "requires": true,
  "packages": {
    "": {
      "devDependencies": {
        "daisyui": "^1.13.2",
        "windicss": "^3.1.7"
      }
    },
    "node_modules/daisyui": {
      "version": "1.13.2",
      "resolved": "https://registry.npmjs.org/daisyui/-/daisyui-1.13.2.tgz",
      "integrity": "sha512-aG+2NiyMIBRxgm5KDB93gbA6DWbjnqxkQ/+H1nUaVc7pesThRtpf4AjJED6FI6h2603FF70+N9akbq6lUvV+Gg==",
      "dev": true
    },
    "node_modules/windicss": {
      "version": "3.1.7",
      "resolved": "https://registry.npmjs.org/windicss/-/windicss-3.1.7.tgz",
      "integrity": "sha512-Q/HQ9j+r2R0fdt85zAjccdo11kHWzQmpkuwIUQIO6PSypyDmBTfN14aAy4szLrpgo2woyuHM7Y+kir4IG4qnKQ==",
      "dev": true,
      "bin": {
        "windicss": "cli/index.js"
      },
      "engines": {
        "node": ">= 12"
      }
    }
  },
  "dependencies": {
    "daisyui": {
      "version": "1.13.2",
      "resolved": "https://registry.npmjs.org/daisyui/-/daisyui-1.13.2.tgz",
      "integrity": "sha512-aG+2NiyMIBRxgm5KDB93gbA6DWbjnqxkQ/+H1nUaVc7pesThRtpf4AjJED6FI6h2603FF70+N9akbq6lUvV+Gg==",
      "dev": true
    },
    "windicss": {
      "version": "3.1.7",
      "resolved": "https://registry.npmjs.org/windicss/-/windicss-3.1.7.tgz",
      "integrity": "sha512-Q/HQ9j+r2R0fdt85zAjccdo11kHWzQmpkuwIUQIO6PSypyDmBTfN14aAy4szLrpgo2woyuHM7Y+kir4IG4qnKQ==",
      "dev": true
    }
  }
}
